
Microsoft Visual Studio Solution File, Format Version 12.00
# Visual Studio Version 16
VisualStudioVersion = 16.0.31313.79
MinimumVisualStudioVersion = 10.0.40219.1
Project("{9A19103F-16F7-4668-BE54-9A1E7A4F7556}") = "ApiApp", "ApiApp.csproj", "{BC7C5779-3554-4AFF-AB72-B6051EC69D3D}"
EndProject
Global
	GlobalSection(SolutionConfigurationPlatforms) = preSolution
		Debug|Any CPU = Debug|Any CPU
		Release|Any CPU = Release|Any CPU
	EndGlobalSection
	GlobalSection(ProjectConfigurationPlatforms) = postSolution
		{BC7C5779-3554-4AFF-AB72-B6051EC69D3D}.Debug|Any CPU.ActiveCfg = Debug|Any CPU
		{BC7C5779-3554-4AFF-AB72-B6051EC69D3D}.Debug|Any CPU.Build.0 = Debug|Any CPU
		{BC7C5779-3554-4AFF-AB72-B6051EC69D3D}.Release|Any CPU.ActiveCfg = Release|Any CPU
		{BC7C5779-3554-4AFF-AB72-B6051EC69D3D}.Release|Any CPU.Build.0 = Release|Any CPU
	EndGlobalSection
	GlobalSection(SolutionProperties) = preSolution
		HideSolutionNode = FALSE
	EndGlobalSection
	GlobalSection(ExtensibilityGlobals) = postSolution
		SolutionGuid = {855FC9D9-286B-4D9B-A966-1BA2CBDE35DC}
	EndGlobalSection
EndGlobal
